
Microsoft Visual Studio Solution File, Format Version 12.00
Project("{FAE04EC0-301F-11D3-BF4B-00C04F79EFBC}") = "Library.Core", "src\Librarys\Library.Core\Library.Core.csproj", "{87935546-9543-4F52-B656-409A7DD66CDC}"
EndProject
Project("{FAE04EC0-301F-11D3-BF4B-00C04F79EFBC}") = "Service.GraphQL", "src\Services\Service.GraphQL\Service.GraphQL.csproj", "{E55B6F4F-418C-403B-BD2A-C978B29D6544}"
EndProject
Project("{FAE04EC0-301F-11D3-BF4B-00C04F79EFBC}") = "Service.ScheduleJob", "src\Services\Service.ScheduleJob\Service.ScheduleJob.csproj", "{DFA226D7-6EC8-4509-A2C9-B475D401EA59}"
EndProject
Project("{FAE04EC0-301F-11D3-BF4B-00C04F79EFBC}") = "Service.WebAPI", "src\Services\Service.WebAPI\Service.WebAPI.csproj", "{2B60FD44-5283-472F-A067-FFC497135526}"
EndProject
Project("{FAE04EC0-301F-11D3-BF4B-00C04F79EFBC}") = "Library.Database", "src\Librarys\Library.Database\Library.Database.csproj", "{BC860009-990D-4BD4-AD72-AAFCE54F9A5E}"
EndProject
Project("{FAE04EC0-301F-11D3-BF4B-00C04F79EFBC}") = "Service.Auth", "src\Services\Service.Auth\Service.Auth.csproj", "{DA6A6180-47C4-4DF1-A19D-793B0C2C426D}"
EndProject
Project("{FAE04EC0-301F-11D3-BF4B-00C04F79EFBC}") = "Library.ApiClient", "src\Librarys\Library.ApiClient\Library.ApiClient.csproj", "{97475FCD-031B-469D-A24F-2F18D0BCB0E1}"
EndProject
Project("{FAE04EC0-301F-11D3-BF4B-00C04F79EFBC}") = "Library.RabbitMQ", "src\Librarys\Library.RabbitMQ\Library.RabbitMQ.csproj", "{8AB175B8-730D-4E54-A7DF-F39C1E124187}"
EndProject
Global
	GlobalSection(SolutionConfigurationPlatforms) = preSolution
		Debug|Any CPU = Debug|Any CPU
		Debug|x64 = Debug|x64
		Debug|x86 = Debug|x86
		Release|Any CPU = Release|Any CPU
		Release|x64 = Release|x64
		Release|x86 = Release|x86
	EndGlobalSection
	GlobalSection(ProjectConfigurationPlatforms) = postSolution
		{87935546-9543-4F52-B656-409A7DD66CDC}.Debug|Any CPU.ActiveCfg = Debug|Any CPU
		{87935546-9543-4F52-B656-409A7DD66CDC}.Debug|Any CPU.Build.0 = Debug|Any CPU
		{87935546-9543-4F52-B656-409A7DD66CDC}.Debug|x64.ActiveCfg = Debug|Any CPU
		{87935546-9543-4F52-B656-409A7DD66CDC}.Debug|x64.Build.0 = Debug|Any CPU
		{87935546-9543-4F52-B656-409A7DD66CDC}.Debug|x86.ActiveCfg = Debug|Any CPU
		{87935546-9543-4F52-B656-409A7DD66CDC}.Debug|x86.Build.0 = Debug|Any CPU
		{87935546-9543-4F52-B656-409A7DD66CDC}.Release|Any CPU.ActiveCfg = Release|Any CPU
		{87935546-9543-4F52-B656-409A7DD66CDC}.Release|Any CPU.Build.0 = Release|Any CPU
		{87935546-9543-4F52-B656-409A7DD66CDC}.Release|x64.ActiveCfg = Release|Any CPU
		{87935546-9543-4F52-B656-409A7DD66CDC}.Release|x64.Build.0 = Release|Any CPU
		{87935546-9543-4F52-B656-409A7DD66CDC}.Release|x86.ActiveCfg = Release|Any CPU
		{87935546-9543-4F52-B656-409A7DD66CDC}.Release|x86.Build.0 = Release|Any CPU
		{E55B6F4F-418C-403B-BD2A-C978B29D6544}.Debug|Any CPU.ActiveCfg = Debug|Any CPU
		{E55B6F4F-418C-403B-BD2A-C978B29D6544}.Debug|Any CPU.Build.0 = Debug|Any CPU
		{E55B6F4F-418C-403B-BD2A-C978B29D6544}.Debug|x64.ActiveCfg = Debug|Any CPU
		{E55B6F4F-418C-403B-BD2A-C978B29D6544}.Debug|x64.Build.0 = Debug|Any CPU
		{E55B6F4F-418C-403B-BD2A-C978B29D6544}.Debug|x86.ActiveCfg = Debug|Any CPU
		{E55B6F4F-418C-403B-BD2A-C978B29D6544}.Debug|x86.Build.0 = Debug|Any CPU
		{E55B6F4F-418C-403B-BD2A-C978B29D6544}.Release|Any CPU.ActiveCfg = Release|Any CPU
		{E55B6F4F-418C-403B-BD2A-C978B29D6544}.Release|Any CPU.Build.0 = Release|Any CPU
		{E55B6F4F-418C-403B-BD2A-C978B29D6544}.Release|x64.ActiveCfg = Release|Any CPU
		{E55B6F4F-418C-403B-BD2A-C978B29D6544}.Release|x64.Build.0 = Release|Any CPU
		{E55B6F4F-418C-403B-BD2A-C978B29D6544}.Release|x86.ActiveCfg = Release|Any CPU
		{E55B6F4F-418C-403B-BD2A-C978B29D6544}.Release|x86.Build.0 = Release|Any CPU
		{DFA226D7-6EC8-4509-A2C9-B475D401EA59}.Debug|Any CPU.ActiveCfg = Debug|Any CPU
		{DFA226D7-6EC8-4509-A2C9-B475D401EA59}.Debug|Any CPU.Build.0 = Debug|Any CPU
		{DFA226D7-6EC8-4509-A2C9-B475D401EA59}.Debug|x64.ActiveCfg = Debug|Any CPU
		{DFA226D7-6EC8-4509-A2C9-B475D401EA59}.Debug|x64.Build.0 = Debug|Any CPU
		{DFA226D7-6EC8-4509-A2C9-B475D401EA59}.Debug|x86.ActiveCfg = Debug|Any CPU
		{DFA226D7-6EC8-4509-A2C9-B475D401EA59}.Debug|x86.Build.0 = Debug|Any CPU
		{DFA226D7-6EC8-4509-A2C9-B475D401EA59}.Release|Any CPU.ActiveCfg = Release|Any CPU
		{DFA226D7-6EC8-4509-A2C9-B475D401EA59}.Release|Any CPU.Build.0 = Release|Any CPU
		{DFA226D7-6EC8-4509-A2C9-B475D401EA59}.Release|x64.ActiveCfg = Release|Any CPU
		{DFA226D7-6EC8-4509-A2C9-B475D401EA59}.Release|x64.Build.0 = Release|Any CPU
		{DFA226D7-6EC8-4509-A2C9-B475D401EA59}.Release|x86.ActiveCfg = Release|Any CPU
		{DFA226D7-6EC8-4509-A2C9-B475D401EA59}.Release|x86.Build.0 = Release|Any CPU
		{2B60FD44-5283-472F-A067-FFC497135526}.Debug|Any CPU.ActiveCfg = Debug|Any CPU
		{2B60FD44-5283-472F-A067-FFC497135526}.Debug|Any CPU.Build.0 = Debug|Any CPU
		{2B60FD44-5283-472F-A067-FFC497135526}.Debug|x64.ActiveCfg = Debug|Any CPU
		{2B60FD44-5283-472F-A067-FFC497135526}.Debug|x64.Build.0 = Debug|Any CPU
		{2B60FD44-5283-472F-A067-FFC497135526}.Debug|x86.ActiveCfg = Debug|Any CPU
		{2B60FD44-5283-472F-A067-FFC497135526}.Debug|x86.Build.0 = Debug|Any CPU
		{2B60FD44-5283-472F-A067-FFC497135526}.Release|Any CPU.ActiveCfg = Release|Any CPU
		{2B60FD44-5283-472F-A067-FFC497135526}.Release|Any CPU.Build.0 = Release|Any CPU
		{2B60FD44-5283-472F-A067-FFC497135526}.Release|x64.ActiveCfg = Release|Any CPU
		{2B60FD44-5283-472F-A067-FFC497135526}.Release|x64.Build.0 = Release|Any CPU
		{2B60FD44-5283-472F-A067-FFC497135526}.Release|x86.ActiveCfg = Release|Any CPU
		{2B60FD44-5283-472F-A067-FFC497135526}.Release|x86.Build.0 = Release|Any CPU
		{BC860009-990D-4BD4-AD72-AAFCE54F9A5E}.Debug|Any CPU.ActiveCfg = Debug|Any CPU
		{BC860009-990D-4BD4-AD72-AAFCE54F9A5E}.Debug|Any CPU.Build.0 = Debug|Any CPU
		{BC860009-990D-4BD4-AD72-AAFCE54F9A5E}.Debug|x64.ActiveCfg = Debug|Any CPU
		{BC860009-990D-4BD4-AD72-AAFCE54F9A5E}.Debug|x64.Build.0 = Debug|Any CPU
		{BC860009-990D-4BD4-AD72-AAFCE54F9A5E}.Debug|x86.ActiveCfg = Debug|Any CPU
		{BC860009-990D-4BD4-AD72-AAFCE54F9A5E}.Debug|x86.Build.0 = Debug|Any CPU
		{BC860009-990D-4BD4-AD72-AAFCE54F9A5E}.Release|Any CPU.ActiveCfg = Release|Any CPU
		{BC860009-990D-4BD4-AD72-AAFCE54F9A5E}.Release|Any CPU.Build.0 = Release|Any CPU
		{BC860009-990D-4BD4-AD72-AAFCE54F9A5E}.Release|x64.ActiveCfg = Release|Any CPU
		{BC860009-990D-4BD4-AD72-AAFCE54F9A5E}.Release|x64.Build.0 = Release|Any CPU
		{BC860009-990D-4BD4-AD72-AAFCE54F9A5E}.Release|x86.ActiveCfg = Release|Any CPU
		{BC860009-990D-4BD4-AD72-AAFCE54F9A5E}.Release|x86.Build.0 = Release|Any CPU
		{DA6A6180-47C4-4DF1-A19D-793B0C2C426D}.Debug|Any CPU.ActiveCfg = Debug|Any CPU
		{DA6A6180-47C4-4DF1-A19D-793B0C2C426D}.Debug|Any CPU.Build.0 = Debug|Any CPU
		{DA6A6180-47C4-4DF1-A19D-793B0C2C426D}.Debug|x64.ActiveCfg = Debug|Any CPU
		{DA6A6180-47C4-4DF1-A19D-793B0C2C426D}.Debug|x64.Build.0 = Debug|Any CPU
		{DA6A6180-47C4-4DF1-A19D-793B0C2C426D}.Debug|x86.ActiveCfg = Debug|Any CPU
		{DA6A6180-47C4-4DF1-A19D-793B0C2C426D}.Debug|x86.Build.0 = Debug|Any CPU
		{DA6A6180-47C4-4DF1-A19D-793B0C2C426D}.Release|Any CPU.ActiveCfg = Release|Any CPU
		{DA6A6180-47C4-4DF1-A19D-793B0C2C426D}.Release|Any CPU.Build.0 = Release|Any CPU
		{DA6A6180-47C4-4DF1-A19D-793B0C2C426D}.Release|x64.ActiveCfg = Release|Any CPU
		{DA6A6180-47C4-4DF1-A19D-793B0C2C426D}.Release|x64.Build.0 = Release|Any CPU
		{DA6A6180-47C4-4DF1-A19D-793B0C2C426D}.Release|x86.ActiveCfg = Release|Any CPU
		{DA6A6180-47C4-4DF1-A19D-793B0C2C426D}.Release|x86.Build.0 = Release|Any CPU
		{97475FCD-031B-469D-A24F-2F18D0BCB0E1}.Debug|Any CPU.ActiveCfg = Debug|Any CPU
		{97475FCD-031B-469D-A24F-2F18D0BCB0E1}.Debug|Any CPU.Build.0 = Debug|Any CPU
		{97475FCD-031B-469D-A24F-2F18D0BCB0E1}.Debug|x64.ActiveCfg = Debug|Any CPU
		{97475FCD-031B-469D-A24F-2F18D0BCB0E1}.Debug|x64.Build.0 = Debug|Any CPU
		{97475FCD-031B-469D-A24F-2F18D0BCB0E1}.Debug|x86.ActiveCfg = Debug|Any CPU
		{97475FCD-031B-469D-A24F-2F18D0BCB0E1}.Debug|x86.Build.0 = Debug|Any CPU
		{97475FCD-031B-469D-A24F-2F18D0BCB0E1}.Release|Any CPU.ActiveCfg = Release|Any CPU
		{97475FCD-031B-469D-A24F-2F18D0BCB0E1}.Release|Any CPU.Build.0 = Release|Any CPU
		{97475FCD-031B-469D-A24F-2F18D0BCB0E1}.Release|x64.ActiveCfg = Release|Any CPU
		{97475FCD-031B-469D-A24F-2F18D0BCB0E1}.Release|x64.Build.0 = Release|Any CPU
		{97475FCD-031B-469D-A24F-2F18D0BCB0E1}.Release|x86.ActiveCfg = Release|Any CPU
		{97475FCD-031B-469D-A24F-2F18D0BCB0E1}.Release|x86.Build.0 = Release|Any CPU
		{8AB175B8-730D-4E54-A7DF-F39C1E124187}.Debug|Any CPU.ActiveCfg = Debug|Any CPU
		{8AB175B8-730D-4E54-A7DF-F39C1E124187}.Debug|Any CPU.Build.0 = Debug|Any CPU
		{8AB175B8-730D-4E54-A7DF-F39C1E124187}.Debug|x64.ActiveCfg = Debug|Any CPU
		{8AB175B8-730D-4E54-A7DF-F39C1E124187}.Debug|x64.Build.0 = Debug|Any CPU
		{8AB175B8-730D-4E54-A7DF-F39C1E124187}.Debug|x86.ActiveCfg = Debug|Any CPU
		{8AB175B8-730D-4E54-A7DF-F39C1E124187}.Debug|x86.Build.0 = Debug|Any CPU
		{8AB175B8-730D-4E54-A7DF-F39C1E124187}.Release|Any CPU.ActiveCfg = Release|Any CPU
		{8AB175B8-730D-4E54-A7DF-F39C1E124187}.Release|Any CPU.Build.0 = Release|Any CPU
		{8AB175B8-730D-4E54-A7DF-F39C1E124187}.Release|x64.ActiveCfg = Release|Any CPU
		{8AB175B8-730D-4E54-A7DF-F39C1E124187}.Release|x64.Build.0 = Release|Any CPU
		{8AB175B8-730D-4E54-A7DF-F39C1E124187}.Release|x86.ActiveCfg = Release|Any CPU
		{8AB175B8-730D-4E54-A7DF-F39C1E124187}.Release|x86.Build.0 = Release|Any CPU
	EndGlobalSection
	GlobalSection(SolutionProperties) = preSolution
		HideSolutionNode = FALSE
	EndGlobalSection
	GlobalSection(NestedProjects) = preSolution
	EndGlobalSection
EndGlobal
