
Microsoft Visual Studio Solution File, Format Version 12.00
Project("{FAE04EC0-301F-11D3-BF4B-00C04F79EFBC}") = "Library.Core", "Library.Core\Library.Core.csproj", "{8DDC7198-33CE-4B4A-9A0E-F02A93A10F68}"
EndProject
Project("{FAE04EC0-301F-11D3-BF4B-00C04F79EFBC}") = "Service.WebAPI", "Service.WebAPI\Service.WebAPI.csproj", "{2C7DDA18-704B-4D23-9A62-DBC13F82E96E}"
EndProject
Project("{FAE04EC0-301F-11D3-BF4B-00C04F79EFBC}") = "Service.GraphQL", "Service.GraphQL\Service.GraphQL.csproj", "{C9426453-DDD9-47BC-9241-C24F3C890629}"
EndProject
Project("{FAE04EC0-301F-11D3-BF4B-00C04F79EFBC}") = "Service.ScheduleJob", "Service.ScheduleJob\Service.ScheduleJob.csproj", "{D918C945-9CCE-49FE-9E91-2F59525DD1A1}"
EndProject
Global
	GlobalSection(SolutionConfigurationPlatforms) = preSolution
		Debug|Any CPU = Debug|Any CPU
		Debug|x64 = Debug|x64
		Debug|x86 = Debug|x86
		Release|Any CPU = Release|Any CPU
		Release|x64 = Release|x64
		Release|x86 = Release|x86
	EndGlobalSection
	GlobalSection(ProjectConfigurationPlatforms) = postSolution
		{8DDC7198-33CE-4B4A-9A0E-F02A93A10F68}.Debug|Any CPU.ActiveCfg = Debug|Any CPU
		{8DDC7198-33CE-4B4A-9A0E-F02A93A10F68}.Debug|Any CPU.Build.0 = Debug|Any CPU
		{8DDC7198-33CE-4B4A-9A0E-F02A93A10F68}.Debug|x64.ActiveCfg = Debug|Any CPU
		{8DDC7198-33CE-4B4A-9A0E-F02A93A10F68}.Debug|x64.Build.0 = Debug|Any CPU
		{8DDC7198-33CE-4B4A-9A0E-F02A93A10F68}.Debug|x86.ActiveCfg = Debug|Any CPU
		{8DDC7198-33CE-4B4A-9A0E-F02A93A10F68}.Debug|x86.Build.0 = Debug|Any CPU
		{8DDC7198-33CE-4B4A-9A0E-F02A93A10F68}.Release|Any CPU.ActiveCfg = Release|Any CPU
		{8DDC7198-33CE-4B4A-9A0E-F02A93A10F68}.Release|Any CPU.Build.0 = Release|Any CPU
		{8DDC7198-33CE-4B4A-9A0E-F02A93A10F68}.Release|x64.ActiveCfg = Release|Any CPU
		{8DDC7198-33CE-4B4A-9A0E-F02A93A10F68}.Release|x64.Build.0 = Release|Any CPU
		{8DDC7198-33CE-4B4A-9A0E-F02A93A10F68}.Release|x86.ActiveCfg = Release|Any CPU
		{8DDC7198-33CE-4B4A-9A0E-F02A93A10F68}.Release|x86.Build.0 = Release|Any CPU
		{2C7DDA18-704B-4D23-9A62-DBC13F82E96E}.Debug|Any CPU.ActiveCfg = Debug|Any CPU
		{2C7DDA18-704B-4D23-9A62-DBC13F82E96E}.Debug|Any CPU.Build.0 = Debug|Any CPU
		{2C7DDA18-704B-4D23-9A62-DBC13F82E96E}.Debug|x64.ActiveCfg = Debug|Any CPU
		{2C7DDA18-704B-4D23-9A62-DBC13F82E96E}.Debug|x64.Build.0 = Debug|Any CPU
		{2C7DDA18-704B-4D23-9A62-DBC13F82E96E}.Debug|x86.ActiveCfg = Debug|Any CPU
		{2C7DDA18-704B-4D23-9A62-DBC13F82E96E}.Debug|x86.Build.0 = Debug|Any CPU
		{2C7DDA18-704B-4D23-9A62-DBC13F82E96E}.Release|Any CPU.ActiveCfg = Release|Any CPU
		{2C7DDA18-704B-4D23-9A62-DBC13F82E96E}.Release|Any CPU.Build.0 = Release|Any CPU
		{2C7DDA18-704B-4D23-9A62-DBC13F82E96E}.Release|x64.ActiveCfg = Release|Any CPU
		{2C7DDA18-704B-4D23-9A62-DBC13F82E96E}.Release|x64.Build.0 = Release|Any CPU
		{2C7DDA18-704B-4D23-9A62-DBC13F82E96E}.Release|x86.ActiveCfg = Release|Any CPU
		{2C7DDA18-704B-4D23-9A62-DBC13F82E96E}.Release|x86.Build.0 = Release|Any CPU
		{C9426453-DDD9-47BC-9241-C24F3C890629}.Debug|Any CPU.ActiveCfg = Debug|Any CPU
		{C9426453-DDD9-47BC-9241-C24F3C890629}.Debug|Any CPU.Build.0 = Debug|Any CPU
		{C9426453-DDD9-47BC-9241-C24F3C890629}.Debug|x64.ActiveCfg = Debug|Any CPU
		{C9426453-DDD9-47BC-9241-C24F3C890629}.Debug|x64.Build.0 = Debug|Any CPU
		{C9426453-DDD9-47BC-9241-C24F3C890629}.Debug|x86.ActiveCfg = Debug|Any CPU
		{C9426453-DDD9-47BC-9241-C24F3C890629}.Debug|x86.Build.0 = Debug|Any CPU
		{C9426453-DDD9-47BC-9241-C24F3C890629}.Release|Any CPU.ActiveCfg = Release|Any CPU
		{C9426453-DDD9-47BC-9241-C24F3C890629}.Release|Any CPU.Build.0 = Release|Any CPU
		{C9426453-DDD9-47BC-9241-C24F3C890629}.Release|x64.ActiveCfg = Release|Any CPU
		{C9426453-DDD9-47BC-9241-C24F3C890629}.Release|x64.Build.0 = Release|Any CPU
		{C9426453-DDD9-47BC-9241-C24F3C890629}.Release|x86.ActiveCfg = Release|Any CPU
		{C9426453-DDD9-47BC-9241-C24F3C890629}.Release|x86.Build.0 = Release|Any CPU
		{D918C945-9CCE-49FE-9E91-2F59525DD1A1}.Debug|Any CPU.ActiveCfg = Debug|Any CPU
		{D918C945-9CCE-49FE-9E91-2F59525DD1A1}.Debug|Any CPU.Build.0 = Debug|Any CPU
		{D918C945-9CCE-49FE-9E91-2F59525DD1A1}.Debug|x64.ActiveCfg = Debug|Any CPU
		{D918C945-9CCE-49FE-9E91-2F59525DD1A1}.Debug|x64.Build.0 = Debug|Any CPU
		{D918C945-9CCE-49FE-9E91-2F59525DD1A1}.Debug|x86.ActiveCfg = Debug|Any CPU
		{D918C945-9CCE-49FE-9E91-2F59525DD1A1}.Debug|x86.Build.0 = Debug|Any CPU
		{D918C945-9CCE-49FE-9E91-2F59525DD1A1}.Release|Any CPU.ActiveCfg = Release|Any CPU
		{D918C945-9CCE-49FE-9E91-2F59525DD1A1}.Release|Any CPU.Build.0 = Release|Any CPU
		{D918C945-9CCE-49FE-9E91-2F59525DD1A1}.Release|x64.ActiveCfg = Release|Any CPU
		{D918C945-9CCE-49FE-9E91-2F59525DD1A1}.Release|x64.Build.0 = Release|Any CPU
		{D918C945-9CCE-49FE-9E91-2F59525DD1A1}.Release|x86.ActiveCfg = Release|Any CPU
		{D918C945-9CCE-49FE-9E91-2F59525DD1A1}.Release|x86.Build.0 = Release|Any CPU
	EndGlobalSection
	GlobalSection(SolutionProperties) = preSolution
		HideSolutionNode = FALSE
	EndGlobalSection
	GlobalSection(NestedProjects) = preSolution
	EndGlobalSection
EndGlobal
